
Microsoft Visual Studio Solution File, Format Version 12.00
# Visual Studio 2013
VisualStudioVersion = 12.0.30723.0
MinimumVisualStudioVersion = 10.0.40219.1
Project("{FAE04EC0-301F-11D3-BF4B-00C04F79EFBC}") = "RetrievePassword", "RetrievePassword\RetrievePassword.csproj", "{B0448259-3D8E-44F9-91C1-7BE1A3E500F0}"
EndProject
Project("{FAE04EC0-301F-11D3-BF4B-00C04F79EFBC}") = "RetrievePassword.QuickStarted", "RetrievePassword.QuickStarted\RetrievePassword.QuickStarted.csproj", "{0DB9B52E-3604-4D17-A059-5594E86DEFA0}"
EndProject
Project("{FAE04EC0-301F-11D3-BF4B-00C04F79EFBC}") = "RetrievePassword.Tests", "RetrievePassword.Tests\RetrievePassword.Tests.csproj", "{308F92BC-64E3-4A30-9497-FDC0BD510C60}"
EndProject
Global
	GlobalSection(SolutionConfigurationPlatforms) = preSolution
		Debug|Any CPU = Debug|Any CPU
		Release|Any CPU = Release|Any CPU
	EndGlobalSection
	GlobalSection(ProjectConfigurationPlatforms) = postSolution
		{B0448259-3D8E-44F9-91C1-7BE1A3E500F0}.Debug|Any CPU.ActiveCfg = Debug|Any CPU
		{B0448259-3D8E-44F9-91C1-7BE1A3E500F0}.Debug|Any CPU.Build.0 = Debug|Any CPU
		{B0448259-3D8E-44F9-91C1-7BE1A3E500F0}.Release|Any CPU.ActiveCfg = Release|Any CPU
		{B0448259-3D8E-44F9-91C1-7BE1A3E500F0}.Release|Any CPU.Build.0 = Release|Any CPU
		{0DB9B52E-3604-4D17-A059-5594E86DEFA0}.Debug|Any CPU.ActiveCfg = Debug|Any CPU
		{0DB9B52E-3604-4D17-A059-5594E86DEFA0}.Debug|Any CPU.Build.0 = Debug|Any CPU
		{0DB9B52E-3604-4D17-A059-5594E86DEFA0}.Release|Any CPU.ActiveCfg = Release|Any CPU
		{0DB9B52E-3604-4D17-A059-5594E86DEFA0}.Release|Any CPU.Build.0 = Release|Any CPU
		{308F92BC-64E3-4A30-9497-FDC0BD510C60}.Debug|Any CPU.ActiveCfg = Debug|Any CPU
		{308F92BC-64E3-4A30-9497-FDC0BD510C60}.Debug|Any CPU.Build.0 = Debug|Any CPU
		{308F92BC-64E3-4A30-9497-FDC0BD510C60}.Release|Any CPU.ActiveCfg = Release|Any CPU
		{308F92BC-64E3-4A30-9497-FDC0BD510C60}.Release|Any CPU.Build.0 = Release|Any CPU
	EndGlobalSection
	GlobalSection(SolutionProperties) = preSolution
		HideSolutionNode = FALSE
	EndGlobalSection
EndGlobal
